// !$*UTF8*$!
{
	archiveVersion = 1;
	classes = {
	};
	objectVersion = 50;
	objects = {

/* Begin PBXBuildFile section */
		2D66FD0D21A5E21400BFBDDD /* ResourcePath.mm in Sources */ = {isa = PBXBuildFile; fileRef = 2D66FD0C21A5E21400BFBDDD /* ResourcePath.mm */; };
		2D66FD2921A5E26000BFBDDD /* animate.cpp in Sources */ = {isa = PBXBuildFile; fileRef = 2D66FD2121A5E26000BFBDDD /* animate.cpp */; };
		2D66FD2A21A5E26000BFBDDD /* system.cpp in Sources */ = {isa = PBXBuildFile; fileRef = 2D66FD2221A5E26000BFBDDD /* system.cpp */; };
		2D66FD2B21A5E26000BFBDDD /* sidebar.cpp in Sources */ = {isa = PBXBuildFile; fileRef = 2D66FD2321A5E26000BFBDDD /* sidebar.cpp */; };
		2D66FD2C21A5E26000BFBDDD /* random.cpp in Sources */ = {isa = PBXBuildFile; fileRef = 2D66FD2521A5E26000BFBDDD /* random.cpp */; };
		2D66FD3021A5E33D00BFBDDD /* Roboto-Thin.ttf in Resources */ = {isa = PBXBuildFile; fileRef = 2D66FD2E21A5E27900BFBDDD /* Roboto-Thin.ttf */; };
		2D66FD3121A5E34100BFBDDD /* arial.ttf in Resources */ = {isa = PBXBuildFile; fileRef = 2D66FD2F21A5E27900BFBDDD /* arial.ttf */; };
		2D8F1EF621AE1A8200B715A2 /* main.cpp in Sources */ = {isa = PBXBuildFile; fileRef = 2D8F1EF521AE1A8200B715A2 /* main.cpp */; };
/* End PBXBuildFile section */

/* Begin PBXFileReference section */
		2D66FD0721A5E21400BFBDDD /* Bouncing Ball.app */ = {isa = PBXFileReference; explicitFileType = wrapper.application; includeInIndex = 0; path = "Bouncing Ball.app"; sourceTree = BUILT_PRODUCTS_DIR; };
		2D66FD0B21A5E21400BFBDDD /* Bouncing Ball-Info.plist */ = {isa = PBXFileReference; lastKnownFileType = text.plist.xml; path = "Bouncing Ball-Info.plist"; sourceTree = "<group>"; };
		2D66FD0C21A5E21400BFBDDD /* ResourcePath.mm */ = {isa = PBXFileReference; lastKnownFileType = sourcecode.cpp.objcpp; path = ResourcePath.mm; sourceTree = "<group>"; };
		2D66FD0E21A5E21400BFBDDD /* ResourcePath.hpp */ = {isa = PBXFileReference; lastKnownFileType = sourcecode.cpp.h; path = ResourcePath.hpp; sourceTree = "<group>"; };
		2D66FD1F21A5E26000BFBDDD /* animate.h */ = {isa = PBXFileReference; fileEncoding = 4; lastKnownFileType = sourcecode.c.h; path = animate.h; sourceTree = "<group>"; };
		2D66FD2021A5E26000BFBDDD /* constants.h */ = {isa = PBXFileReference; fileEncoding = 4; lastKnownFileType = sourcecode.c.h; path = constants.h; sourceTree = "<group>"; };
		2D66FD2121A5E26000BFBDDD /* animate.cpp */ = {isa = PBXFileReference; fileEncoding = 4; lastKnownFileType = sourcecode.cpp.cpp; path = animate.cpp; sourceTree = "<group>"; };
		2D66FD2221A5E26000BFBDDD /* system.cpp */ = {isa = PBXFileReference; fileEncoding = 4; lastKnownFileType = sourcecode.cpp.cpp; path = system.cpp; sourceTree = "<group>"; };
		2D66FD2321A5E26000BFBDDD /* sidebar.cpp */ = {isa = PBXFileReference; fileEncoding = 4; lastKnownFileType = sourcecode.cpp.cpp; path = sidebar.cpp; sourceTree = "<group>"; };
		2D66FD2421A5E26000BFBDDD /* random.h */ = {isa = PBXFileReference; fileEncoding = 4; lastKnownFileType = sourcecode.c.h; path = random.h; sourceTree = "<group>"; };
		2D66FD2521A5E26000BFBDDD /* random.cpp */ = {isa = PBXFileReference; fileEncoding = 4; lastKnownFileType = sourcecode.cpp.cpp; path = random.cpp; sourceTree = "<group>"; };
		2D66FD2621A5E26000BFBDDD /* system.h */ = {isa = PBXFileReference; fileEncoding = 4; lastKnownFileType = sourcecode.c.h; path = system.h; sourceTree = "<group>"; };
		2D66FD2E21A5E27900BFBDDD /* Roboto-Thin.ttf */ = {isa = PBXFileReference; lastKnownFileType = file; path = "Roboto-Thin.ttf"; sourceTree = "<group>"; };
		2D66FD2F21A5E27900BFBDDD /* arial.ttf */ = {isa = PBXFileReference; lastKnownFileType = file; path = arial.ttf; sourceTree = "<group>"; };
		2D8F1EF521AE1A8200B715A2 /* main.cpp */ = {isa = PBXFileReference; fileEncoding = 4; lastKnownFileType = sourcecode.cpp.cpp; path = main.cpp; sourceTree = "<group>"; };
/* End PBXFileReference section */

/* Begin PBXFrameworksBuildPhase section */
		2D66FD0321A5E21400BFBDDD /* Frameworks */ = {
			isa = PBXFrameworksBuildPhase;
			buildActionMask = 2147483647;
			files = (
			);
			runOnlyForDeploymentPostprocessing = 0;
		};
/* End PBXFrameworksBuildPhase section */

/* Begin PBXGroup section */
		2D66FCFD21A5E21400BFBDDD = {
			isa = PBXGroup;
			children = (
				2D66FD0921A5E21400BFBDDD /* Bouncing Ball */,
				2D66FD0821A5E21400BFBDDD /* Products */,
			);
			sourceTree = "<group>";
		};
		2D66FD0821A5E21400BFBDDD /* Products */ = {
			isa = PBXGroup;
			children = (
				2D66FD0721A5E21400BFBDDD /* Bouncing Ball.app */,
			);
			name = Products;
			sourceTree = "<group>";
		};
		2D66FD0921A5E21400BFBDDD /* Bouncing Ball */ = {
			isa = PBXGroup;
			children = (
				2D66FD0C21A5E21400BFBDDD /* ResourcePath.mm */,
				2D66FD2121A5E26000BFBDDD /* animate.cpp */,
				2D66FD1F21A5E26000BFBDDD /* animate.h */,
				2D66FD2021A5E26000BFBDDD /* constants.h */,
				2D8F1EF521AE1A8200B715A2 /* main.cpp */,
				2D66FD2521A5E26000BFBDDD /* random.cpp */,
				2D66FD2421A5E26000BFBDDD /* random.h */,
				2D66FD2621A5E26000BFBDDD /* system.h */,
				2D66FD0E21A5E21400BFBDDD /* ResourcePath.hpp */,
				2D66FD2321A5E26000BFBDDD /* sidebar.cpp */,
				2D66FD2221A5E26000BFBDDD /* system.cpp */,
				2D66FD1121A5E21400BFBDDD /* Resources */,
				2D66FD0A21A5E21400BFBDDD /* Supporting Files */,
			);
			path = "Bouncing Ball";
			sourceTree = "<group>";
		};
		2D66FD0A21A5E21400BFBDDD /* Supporting Files */ = {
			isa = PBXGroup;
			children = (
				2D66FD0B21A5E21400BFBDDD /* Bouncing Ball-Info.plist */,
			);
			name = "Supporting Files";
			sourceTree = "<group>";
		};
		2D66FD1121A5E21400BFBDDD /* Resources */ = {
			isa = PBXGroup;
			children = (
				2D66FD2F21A5E27900BFBDDD /* arial.ttf */,
				2D66FD2E21A5E27900BFBDDD /* Roboto-Thin.ttf */,
			);
			name = Resources;
			sourceTree = "<group>";
		};
/* End PBXGroup section */

/* Begin PBXNativeTarget section */
		2D66FD0621A5E21400BFBDDD /* Bouncing Ball */ = {
			isa = PBXNativeTarget;
			buildConfigurationList = 2D66FD1C21A5E21400BFBDDD /* Build configuration list for PBXNativeTarget "Bouncing Ball" */;
			buildPhases = (
				2D66FD0221A5E21400BFBDDD /* Sources */,
				2D66FD0321A5E21400BFBDDD /* Frameworks */,
				2D66FD0421A5E21400BFBDDD /* Resources */,
				2D66FD0521A5E21400BFBDDD /* ShellScript */,
			);
			buildRules = (
			);
			dependencies = (
			);
			name = "Bouncing Ball";
			productName = "Bouncing Ball";
			productReference = 2D66FD0721A5E21400BFBDDD /* Bouncing Ball.app */;
			productType = "com.apple.product-type.application";
		};
/* End PBXNativeTarget section */

/* Begin PBXProject section */
		2D66FCFE21A5E21400BFBDDD /* Project object */ = {
			isa = PBXProject;
			attributes = {
				LastUpgradeCheck = 1010;
				ORGANIZATIONNAME = "Winnie Jeng";
				TargetAttributes = {
					2D66FD0621A5E21400BFBDDD = {
						CreatedOnToolsVersion = 10.1;
					};
				};
			};
			buildConfigurationList = 2D66FD0121A5E21400BFBDDD /* Build configuration list for PBXProject "Bouncing Ball" */;
			compatibilityVersion = "Xcode 9.3";
			developmentRegion = en;
			hasScannedForEncodings = 0;
			knownRegions = (
				en,
			);
			mainGroup = 2D66FCFD21A5E21400BFBDDD;
			productRefGroup = 2D66FD0821A5E21400BFBDDD /* Products */;
			projectDirPath = "";
			projectRoot = "";
			targets = (
				2D66FD0621A5E21400BFBDDD /* Bouncing Ball */,
			);
		};
/* End PBXProject section */

/* Begin PBXResourcesBuildPhase section */
		2D66FD0421A5E21400BFBDDD /* Resources */ = {
			isa = PBXResourcesBuildPhase;
			buildActionMask = 2147483647;
			files = (
				2D66FD3121A5E34100BFBDDD /* arial.ttf in Resources */,
				2D66FD3021A5E33D00BFBDDD /* Roboto-Thin.ttf in Resources */,
			);
			runOnlyForDeploymentPostprocessing = 0;
		};
/* End PBXResourcesBuildPhase section */

/* Begin PBXShellScriptBuildPhase section */
		2D66FD0521A5E21400BFBDDD /* ShellScript */ = {
			isa = PBXShellScriptBuildPhase;
			buildActionMask = 8;
			files = (
			);
			inputFileListPaths = (
			);
			inputPaths = (
			);
			outputFileListPaths = (
			);
			outputPaths = (
			);
			runOnlyForDeploymentPostprocessing = 1;
			shellPath = /bin/sh;
			shellScript = "# This shell script simply copies required SFML dylibs/frameworks into the application bundle frameworks folder.\n# If you're using static libraries (which is not recommended) you should remove this script from your project.\n\n# SETTINGS\nSFML_DEPENDENCIES_INSTALL_PREFIX=\"/Users/SFML/Desktop/packaging/tmp/install/Library/Frameworks\"\nCMAKE_INSTALL_FRAMEWORK_PREFIX=\"/Users/SFML/Desktop/packaging/tmp/install/Library/Frameworks\"\nCMAKE_INSTALL_LIB_PREFIX=\"/Users/SFML/Desktop/packaging/tmp/install/Library/Frameworks/lib\"\nFRAMEWORKS_FULL_PATH=\"$BUILT_PRODUCTS_DIR/$FRAMEWORKS_FOLDER_PATH/\"\n\n# Are we building a project that uses frameworks or dylibs?\ncase \"$SFML_BINARY_TYPE\" in\n    DYLIBS)\n        frameworks=\"false\"\n        ;;\n    *)\n        frameworks=\"true\"\n        ;;\nesac\n\n# Echoes to stderr\nerror () # $* message to display\n{\n    echo $* 1>&2\n    exit 2\n}\n\nassert () # $1 is a boolean, $2...N is an error message\n{\n    if [ $# -lt 2 ]\n    then\n        error \"Internal error in assert: not enough args\"\n    fi\n\n    if [ $1 -ne 0 ]\n    then\n        shift\n        error \"$*\"\n    fi\n}\n\nforce_remove () # $@ is some paths\n{\n    test $# -ge 1\n    assert $? \"force_remove() requires at least one parameter\"\n    rm -fr $@\n    assert $? \"couldn't remove $@\"\n}\n\ncopy () # $1 is a source, $2 is a destination\n{\n    test $# -eq 2\n    assert $? \"copy() requires two parameters\"\n    ditto \"$1\" \"$2\"\n    assert $? \"couldn't copy $1 to $2\"\n}\n\nrequire () # $1 is a SFML module like 'system' or 'audio'\n{\n    dest=\"$BUILT_PRODUCTS_DIR/$FRAMEWORKS_FOLDER_PATH/\"\n\n    if [ -z \"$1\" ]\n    then\n        error \"require() requires one parameter!\"\n    else\n        # clean potentially old stuff\n        force_remove \"$dest/libsfml-$1\"*\n        force_remove \"$dest/sfml-$1.framework\"\n\n        # copy SFML libraries\n        if [ \"$frameworks\" = \"true\" ]\n        then\n            source=\"$CMAKE_INSTALL_FRAMEWORK_PREFIX/sfml-$1.framework\"\n            target=\"sfml-$1.framework\"\n        elif [ \"$SFML_LINK_DYLIBS_SUFFIX\" = \"-d\" ]\n        then\n            source=\"$CMAKE_INSTALL_LIB_PREFIX/libsfml-$1-d.dylib\"\n            target=\"`readlink $source`\"\n        else\n            source=\"$CMAKE_INSTALL_LIB_PREFIX/libsfml-$1.dylib\"\n            target=\"`readlink $source`\"\n        fi\n\n        copy \"$source\" \"$dest/$target\"\n\n        # copy extra dependencies\n        if [ \"$1\" = \"audio\" ]\n        then\n            # copy \"FLAC\" \"ogg\" \"vorbis\" \"vorbisenc\" \"vorbisfile\" \"OpenAL\" frameworks too\n            for f in \"FLAC\" \"ogg\" \"vorbis\" \"vorbisenc\" \"vorbisfile\" \"OpenAL\"\n            do\n                copy \"$SFML_DEPENDENCIES_INSTALL_PREFIX/$f.framework\" \"$dest/$f.framework\"\n            done\n        elif [ \"$1\" = \"graphics\" ]\n        then\n            copy \"$SFML_DEPENDENCIES_INSTALL_PREFIX/freetype.framework\" \"$dest/freetype.framework\"\n        fi\n    fi\n}\n\nif [ -n \"$SFML_SYSTEM\" ]\nthen\n    require \"system\"\nfi\n\nif [ -n \"$SFML_AUDIO\" ]\nthen\n    require \"audio\"\nfi\n\nif [ -n \"$SFML_NETWORK\" ]\nthen\n    require \"network\"\nfi\n\nif [ -n \"$SFML_WINDOW\" ]\nthen\n    require \"window\"\nfi\n\nif [ -n \"$SFML_GRAPHICS\" ]\nthen\n    require \"graphics\"\nfi\n\n                \n";
		};
/* End PBXShellScriptBuildPhase section */

/* Begin PBXSourcesBuildPhase section */
		2D66FD0221A5E21400BFBDDD /* Sources */ = {
			isa = PBXSourcesBuildPhase;
			buildActionMask = 2147483647;
			files = (
				2D66FD2B21A5E26000BFBDDD /* sidebar.cpp in Sources */,
				2D66FD2A21A5E26000BFBDDD /* system.cpp in Sources */,
				2D66FD2C21A5E26000BFBDDD /* random.cpp in Sources */,
				2D8F1EF621AE1A8200B715A2 /* main.cpp in Sources */,
				2D66FD0D21A5E21400BFBDDD /* ResourcePath.mm in Sources */,
				2D66FD2921A5E26000BFBDDD /* animate.cpp in Sources */,
			);
			runOnlyForDeploymentPostprocessing = 0;
		};
/* End PBXSourcesBuildPhase section */

/* Begin XCBuildConfiguration section */
		2D66FD1A21A5E21400BFBDDD /* Debug */ = {
			isa = XCBuildConfiguration;
			buildSettings = {
				ARCHS = "$(NATIVE_ARCH_ACTUAL)";
				CLANG_CXX_LANGUAGE_STANDARD = "c++11";
				CLANG_CXX_LIBRARY = "libc++";
				FRAMEWORK_SEARCH_PATHS = (
					/Library/Frameworks/,
					"$(inherited)",
				);
				GCC_VERSION = com.apple.compilers.llvm.clang.1_0;
				HEADER_SEARCH_PATHS = (
					/usr/local/include/,
					"$(inherited)",
				);
				LIBRARY_SEARCH_PATHS = (
					/usr/local/lib/,
					"$(inherited)",
				);
				MACOSX_DEPLOYMENT_TARGET = 10.7;
				OTHER_LDFLAGS = (
					"$(inherited)",
					"$(SFML_SYSTEM)",
					"$(SFML_WINDOW)",
					"$(SFML_GRAPHICS)",
					"$(SFML_AUDIO)",
					"$(SFML_NETWORK)",
				);
				SFML_AUDIO = "$(SFML_LINK_PREFIX) sfml-audio$(SFML_LINK_SUFFIX)";
				SFML_BINARY_TYPE = FRAMEWORKS;
				SFML_GRAPHICS = "$(SFML_LINK_PREFIX) sfml-graphics$(SFML_LINK_SUFFIX)";
				SFML_LINK_DYLIBS_PREFIX = "-l";
				SFML_LINK_DYLIBS_SUFFIX = "";
				SFML_LINK_FRAMEWORKS_PREFIX = "-framework";
				SFML_LINK_FRAMEWORKS_SUFFIX = "";
				SFML_LINK_PREFIX = "$(SFML_LINK_$(SFML_BINARY_TYPE)_PREFIX)";
				SFML_LINK_SUFFIX = "$(SFML_LINK_$(SFML_BINARY_TYPE)_SUFFIX)";
				SFML_NETWORK = "$(SFML_LINK_PREFIX) sfml-network$(SFML_LINK_SUFFIX)";
				SFML_SYSTEM = "$(SFML_LINK_PREFIX) sfml-system$(SFML_LINK_SUFFIX)";
				SFML_WINDOW = "$(SFML_LINK_PREFIX) sfml-window$(SFML_LINK_SUFFIX)";
				SUPPORTED_PLATFORMS = macosx;
			};
			name = Debug;
		};
		2D66FD1B21A5E21400BFBDDD /* Release */ = {
			isa = XCBuildConfiguration;
			buildSettings = {
				ARCHS = "$(NATIVE_ARCH_ACTUAL)";
				CLANG_CXX_LANGUAGE_STANDARD = "c++11";
				CLANG_CXX_LIBRARY = "libc++";
				FRAMEWORK_SEARCH_PATHS = (
					/Library/Frameworks/,
					"$(inherited)",
				);
				GCC_VERSION = com.apple.compilers.llvm.clang.1_0;
				HEADER_SEARCH_PATHS = (
					/usr/local/include/,
					"$(inherited)",
				);
				LIBRARY_SEARCH_PATHS = (
					/usr/local/lib/,
					"$(inherited)",
				);
				MACOSX_DEPLOYMENT_TARGET = 10.7;
				OTHER_LDFLAGS = (
					"$(inherited)",
					"$(SFML_SYSTEM)",
					"$(SFML_WINDOW)",
					"$(SFML_GRAPHICS)",
					"$(SFML_AUDIO)",
					"$(SFML_NETWORK)",
				);
				SFML_AUDIO = "$(SFML_LINK_PREFIX) sfml-audio$(SFML_LINK_SUFFIX)";
				SFML_BINARY_TYPE = FRAMEWORKS;
				SFML_GRAPHICS = "$(SFML_LINK_PREFIX) sfml-graphics$(SFML_LINK_SUFFIX)";
				SFML_LINK_DYLIBS_PREFIX = "-l";
				SFML_LINK_DYLIBS_SUFFIX = "";
				SFML_LINK_FRAMEWORKS_PREFIX = "-framework";
				SFML_LINK_FRAMEWORKS_SUFFIX = "";
				SFML_LINK_PREFIX = "$(SFML_LINK_$(SFML_BINARY_TYPE)_PREFIX)";
				SFML_LINK_SUFFIX = "$(SFML_LINK_$(SFML_BINARY_TYPE)_SUFFIX)";
				SFML_NETWORK = "$(SFML_LINK_PREFIX) sfml-network$(SFML_LINK_SUFFIX)";
				SFML_SYSTEM = "$(SFML_LINK_PREFIX) sfml-system$(SFML_LINK_SUFFIX)";
				SFML_WINDOW = "$(SFML_LINK_PREFIX) sfml-window$(SFML_LINK_SUFFIX)";
				SUPPORTED_PLATFORMS = macosx;
			};
			name = Release;
		};
		2D66FD1D21A5E21400BFBDDD /* Debug */ = {
			isa = XCBuildConfiguration;
			buildSettings = {
				CODE_SIGN_STYLE = Automatic;
				DEVELOPMENT_TEAM = 37CWHKAPJQ;
				INFOPLIST_FILE = "Bouncing Ball/Bouncing Ball-Info.plist";
				LD_RUNPATH_SEARCH_PATHS = "@loader_path/../Frameworks";
				PRODUCT_NAME = "$(TARGET_NAME)";
			};
			name = Debug;
		};
		2D66FD1E21A5E21400BFBDDD /* Release */ = {
			isa = XCBuildConfiguration;
			buildSettings = {
				CODE_SIGN_STYLE = Automatic;
				DEVELOPMENT_TEAM = 37CWHKAPJQ;
				INFOPLIST_FILE = "Bouncing Ball/Bouncing Ball-Info.plist";
				LD_RUNPATH_SEARCH_PATHS = "@loader_path/../Frameworks";
				PRODUCT_NAME = "$(TARGET_NAME)";
			};
			name = Release;
		};
/* End XCBuildConfiguration section */

/* Begin XCConfigurationList section */
		2D66FD0121A5E21400BFBDDD /* Build configuration list for PBXProject "Bouncing Ball" */ = {
			isa = XCConfigurationList;
			buildConfigurations = (
				2D66FD1A21A5E21400BFBDDD /* Debug */,
				2D66FD1B21A5E21400BFBDDD /* Release */,
			);
			defaultConfigurationIsVisible = 0;
			defaultConfigurationName = Release;
		};
		2D66FD1C21A5E21400BFBDDD /* Build configuration list for PBXNativeTarget "Bouncing Ball" */ = {
			isa = XCConfigurationList;
			buildConfigurations = (
				2D66FD1D21A5E21400BFBDDD /* Debug */,
				2D66FD1E21A5E21400BFBDDD /* Release */,
			);
			defaultConfigurationIsVisible = 0;
			defaultConfigurationName = Release;
		};
/* End XCConfigurationList section */
	};
	rootObject = 2D66FCFE21A5E21400BFBDDD /* Project object */;
}
